
Microsoft Visual Studio Solution File, Format Version 12.00
# Visual Studio 15
VisualStudioVersion = 15.0.28307.421
MinimumVisualStudioVersion = 10.0.40219.1
Project("{FAE04EC0-301F-11D3-BF4B-00C04F79EFBC}") = "Module3_4", "Module3_4\Module3_4.csproj", "{69FE9155-347D-4AE5-BD9D-09882C7A58C3}"
EndProject
Global
	GlobalSection(SolutionConfigurationPlatforms) = preSolution
		Debug|Any CPU = Debug|Any CPU
		Release|Any CPU = Release|Any CPU
	EndGlobalSection
	GlobalSection(ProjectConfigurationPlatforms) = postSolution
		{69FE9155-347D-4AE5-BD9D-09882C7A58C3}.Debug|Any CPU.ActiveCfg = Debug|Any CPU
		{69FE9155-347D-4AE5-BD9D-09882C7A58C3}.Debug|Any CPU.Build.0 = Debug|Any CPU
		{69FE9155-347D-4AE5-BD9D-09882C7A58C3}.Release|Any CPU.ActiveCfg = Release|Any CPU
		{69FE9155-347D-4AE5-BD9D-09882C7A58C3}.Release|Any CPU.Build.0 = Release|Any CPU
	EndGlobalSection
	GlobalSection(SolutionProperties) = preSolution
		HideSolutionNode = FALSE
	EndGlobalSection
	GlobalSection(ExtensibilityGlobals) = postSolution
		SolutionGuid = {18ECE4DE-7852-4E12-9770-71606C37698B}
	EndGlobalSection
EndGlobal
