
Microsoft Visual Studio Solution File, Format Version 12.00
# Visual Studio 15
VisualStudioVersion = 15.0.28307.421
MinimumVisualStudioVersion = 10.0.40219.1
Project("{FAE04EC0-301F-11D3-BF4B-00C04F79EFBC}") = "Module3_3", "Module3_3\Module3_3.csproj", "{96E70BCE-952A-44B3-8C9D-94A7DF7EC61D}"
EndProject
Global
	GlobalSection(SolutionConfigurationPlatforms) = preSolution
		Debug|Any CPU = Debug|Any CPU
		Release|Any CPU = Release|Any CPU
	EndGlobalSection
	GlobalSection(ProjectConfigurationPlatforms) = postSolution
		{96E70BCE-952A-44B3-8C9D-94A7DF7EC61D}.Debug|Any CPU.ActiveCfg = Debug|Any CPU
		{96E70BCE-952A-44B3-8C9D-94A7DF7EC61D}.Debug|Any CPU.Build.0 = Debug|Any CPU
		{96E70BCE-952A-44B3-8C9D-94A7DF7EC61D}.Release|Any CPU.ActiveCfg = Release|Any CPU
		{96E70BCE-952A-44B3-8C9D-94A7DF7EC61D}.Release|Any CPU.Build.0 = Release|Any CPU
	EndGlobalSection
	GlobalSection(SolutionProperties) = preSolution
		HideSolutionNode = FALSE
	EndGlobalSection
	GlobalSection(ExtensibilityGlobals) = postSolution
		SolutionGuid = {9F172818-6F1D-4EC4-9D70-9486AA59085E}
	EndGlobalSection
EndGlobal
