
Microsoft Visual Studio Solution File, Format Version 12.00
# Visual Studio 15
VisualStudioVersion = 15.0.28307.421
MinimumVisualStudioVersion = 10.0.40219.1
Project("{FAE04EC0-301F-11D3-BF4B-00C04F79EFBC}") = "Module2_3", "Module2_3\Module2_3.csproj", "{D2700653-B5E5-4FF3-8F4C-63FE7E6852ED}"
EndProject
Global
	GlobalSection(SolutionConfigurationPlatforms) = preSolution
		Debug|Any CPU = Debug|Any CPU
		Release|Any CPU = Release|Any CPU
	EndGlobalSection
	GlobalSection(ProjectConfigurationPlatforms) = postSolution
		{D2700653-B5E5-4FF3-8F4C-63FE7E6852ED}.Debug|Any CPU.ActiveCfg = Debug|Any CPU
		{D2700653-B5E5-4FF3-8F4C-63FE7E6852ED}.Debug|Any CPU.Build.0 = Debug|Any CPU
		{D2700653-B5E5-4FF3-8F4C-63FE7E6852ED}.Release|Any CPU.ActiveCfg = Release|Any CPU
		{D2700653-B5E5-4FF3-8F4C-63FE7E6852ED}.Release|Any CPU.Build.0 = Release|Any CPU
	EndGlobalSection
	GlobalSection(SolutionProperties) = preSolution
		HideSolutionNode = FALSE
	EndGlobalSection
	GlobalSection(ExtensibilityGlobals) = postSolution
		SolutionGuid = {C14735E5-26F8-40DB-B695-1F29F5B8DA88}
	EndGlobalSection
EndGlobal
