
Microsoft Visual Studio Solution File, Format Version 12.00
# Visual Studio 15
VisualStudioVersion = 15.0.28307.421
MinimumVisualStudioVersion = 10.0.40219.1
Project("{FAE04EC0-301F-11D3-BF4B-00C04F79EFBC}") = "Module2_1", "Module2_1\Module2_1.csproj", "{FF181372-C0B5-455B-8D42-B4C886BBA276}"
EndProject
Global
	GlobalSection(SolutionConfigurationPlatforms) = preSolution
		Debug|Any CPU = Debug|Any CPU
		Release|Any CPU = Release|Any CPU
	EndGlobalSection
	GlobalSection(ProjectConfigurationPlatforms) = postSolution
		{FF181372-C0B5-455B-8D42-B4C886BBA276}.Debug|Any CPU.ActiveCfg = Debug|Any CPU
		{FF181372-C0B5-455B-8D42-B4C886BBA276}.Debug|Any CPU.Build.0 = Debug|Any CPU
		{FF181372-C0B5-455B-8D42-B4C886BBA276}.Release|Any CPU.ActiveCfg = Release|Any CPU
		{FF181372-C0B5-455B-8D42-B4C886BBA276}.Release|Any CPU.Build.0 = Release|Any CPU
	EndGlobalSection
	GlobalSection(SolutionProperties) = preSolution
		HideSolutionNode = FALSE
	EndGlobalSection
	GlobalSection(ExtensibilityGlobals) = postSolution
		SolutionGuid = {435B0757-BDB7-4C65-9BDA-24DAE979B371}
	EndGlobalSection
EndGlobal
