
Microsoft Visual Studio Solution File, Format Version 12.00
# Visual Studio 15
VisualStudioVersion = 15.0.28307.421
MinimumVisualStudioVersion = 10.0.40219.1
Project("{FAE04EC0-301F-11D3-BF4B-00C04F79EFBC}") = "Module4_2", "Module4_2\Module4_2.csproj", "{76D9A6FD-EB54-410E-AFB2-4D1582D1BE33}"
EndProject
Global
	GlobalSection(SolutionConfigurationPlatforms) = preSolution
		Debug|Any CPU = Debug|Any CPU
		Release|Any CPU = Release|Any CPU
	EndGlobalSection
	GlobalSection(ProjectConfigurationPlatforms) = postSolution
		{76D9A6FD-EB54-410E-AFB2-4D1582D1BE33}.Debug|Any CPU.ActiveCfg = Debug|Any CPU
		{76D9A6FD-EB54-410E-AFB2-4D1582D1BE33}.Debug|Any CPU.Build.0 = Debug|Any CPU
		{76D9A6FD-EB54-410E-AFB2-4D1582D1BE33}.Release|Any CPU.ActiveCfg = Release|Any CPU
		{76D9A6FD-EB54-410E-AFB2-4D1582D1BE33}.Release|Any CPU.Build.0 = Release|Any CPU
	EndGlobalSection
	GlobalSection(SolutionProperties) = preSolution
		HideSolutionNode = FALSE
	EndGlobalSection
	GlobalSection(ExtensibilityGlobals) = postSolution
		SolutionGuid = {0DBC423C-A5F4-4460-A96F-4C9A2C8F5528}
	EndGlobalSection
EndGlobal
