
Microsoft Visual Studio Solution File, Format Version 12.00
# Visual Studio 15
VisualStudioVersion = 15.0.28307.421
MinimumVisualStudioVersion = 10.0.40219.1
Project("{FAE04EC0-301F-11D3-BF4B-00C04F79EFBC}") = "Module4_4", "Module4_4\Module4_4.csproj", "{E6528AE2-74AE-4172-9ADB-D4918A23F333}"
EndProject
Global
	GlobalSection(SolutionConfigurationPlatforms) = preSolution
		Debug|Any CPU = Debug|Any CPU
		Release|Any CPU = Release|Any CPU
	EndGlobalSection
	GlobalSection(ProjectConfigurationPlatforms) = postSolution
		{E6528AE2-74AE-4172-9ADB-D4918A23F333}.Debug|Any CPU.ActiveCfg = Debug|Any CPU
		{E6528AE2-74AE-4172-9ADB-D4918A23F333}.Debug|Any CPU.Build.0 = Debug|Any CPU
		{E6528AE2-74AE-4172-9ADB-D4918A23F333}.Release|Any CPU.ActiveCfg = Release|Any CPU
		{E6528AE2-74AE-4172-9ADB-D4918A23F333}.Release|Any CPU.Build.0 = Release|Any CPU
	EndGlobalSection
	GlobalSection(SolutionProperties) = preSolution
		HideSolutionNode = FALSE
	EndGlobalSection
	GlobalSection(ExtensibilityGlobals) = postSolution
		SolutionGuid = {E863F2AD-475F-4BE4-8867-A69A3C84EEBF}
	EndGlobalSection
EndGlobal
