
Microsoft Visual Studio Solution File, Format Version 12.00
# Visual Studio 15
VisualStudioVersion = 15.0.28307.421
MinimumVisualStudioVersion = 10.0.40219.1
Project("{FAE04EC0-301F-11D3-BF4B-00C04F79EFBC}") = "Module4_5", "Module4_5\Module4_5.csproj", "{AE9BD061-7B3B-4B6A-8739-CF2DAD6F8BAA}"
EndProject
Global
	GlobalSection(SolutionConfigurationPlatforms) = preSolution
		Debug|Any CPU = Debug|Any CPU
		Release|Any CPU = Release|Any CPU
	EndGlobalSection
	GlobalSection(ProjectConfigurationPlatforms) = postSolution
		{AE9BD061-7B3B-4B6A-8739-CF2DAD6F8BAA}.Debug|Any CPU.ActiveCfg = Debug|Any CPU
		{AE9BD061-7B3B-4B6A-8739-CF2DAD6F8BAA}.Debug|Any CPU.Build.0 = Debug|Any CPU
		{AE9BD061-7B3B-4B6A-8739-CF2DAD6F8BAA}.Release|Any CPU.ActiveCfg = Release|Any CPU
		{AE9BD061-7B3B-4B6A-8739-CF2DAD6F8BAA}.Release|Any CPU.Build.0 = Release|Any CPU
	EndGlobalSection
	GlobalSection(SolutionProperties) = preSolution
		HideSolutionNode = FALSE
	EndGlobalSection
	GlobalSection(ExtensibilityGlobals) = postSolution
		SolutionGuid = {4D468A43-CFB9-4D57-A014-BFCC0D25BD41}
	EndGlobalSection
EndGlobal
