
Microsoft Visual Studio Solution File, Format Version 12.00
# Visual Studio 15
VisualStudioVersion = 15.0.28307.421
MinimumVisualStudioVersion = 10.0.40219.1
Project("{FAE04EC0-301F-11D3-BF4B-00C04F79EFBC}") = "Module4_3", "Module4_3\Module4_3.csproj", "{EC108F1E-8FE1-487A-B798-4441CD4C3F2B}"
EndProject
Global
	GlobalSection(SolutionConfigurationPlatforms) = preSolution
		Debug|Any CPU = Debug|Any CPU
		Release|Any CPU = Release|Any CPU
	EndGlobalSection
	GlobalSection(ProjectConfigurationPlatforms) = postSolution
		{EC108F1E-8FE1-487A-B798-4441CD4C3F2B}.Debug|Any CPU.ActiveCfg = Debug|Any CPU
		{EC108F1E-8FE1-487A-B798-4441CD4C3F2B}.Debug|Any CPU.Build.0 = Debug|Any CPU
		{EC108F1E-8FE1-487A-B798-4441CD4C3F2B}.Release|Any CPU.ActiveCfg = Release|Any CPU
		{EC108F1E-8FE1-487A-B798-4441CD4C3F2B}.Release|Any CPU.Build.0 = Release|Any CPU
	EndGlobalSection
	GlobalSection(SolutionProperties) = preSolution
		HideSolutionNode = FALSE
	EndGlobalSection
	GlobalSection(ExtensibilityGlobals) = postSolution
		SolutionGuid = {A1703399-20A1-45E9-B304-EE8AEE3DB3B5}
	EndGlobalSection
EndGlobal
